github.com/cenkalti/backoff/v4 v4.3.0 h1:MyRJ/UdXutAwSAT+s3wNd7MfTIcy71VQueUuFK343L8=
github.com/cenkalti/backoff/v4 v4.3.0/go.mod h1:Y3VNntkOUPxTVeUxJ/G5vcM//AlwfmyYozVcomhLiZE=
github.com/f1gopher/signalr/v2 v2.0.0-20221210121059-1985aaf5fb97 h1:ake47TNb+vBn+r4dlB23hh6J/Hi0AZraq28ZaQrKBoQ=
github.com/f1gopher/signalr/v2 v2.0.0-20221210121059-1985aaf5fb97/go.mod h1:I+Wlu0JSNF8jkGxWKW6X6B1hlLM/fMcJq23drxf3MkE=
github.com/gorilla/websocket v1.5.3 h1:saDtZ6Pbx/0u+bgYQ3q96pZgCzfhKXGPqt7kZ72aNNg=
github.com/gorilla/websocket v1.5.3/go.mod h1:YR8l580nyteQvAITg2hZ9XVh4b55+EU/adAjf1fMHhE=
github.com/zsefvlol/timezonemapper v1.0.0 h1:HXqkOzf01gXYh2nDQcDSROikFgMaximnhE8BY9SyF6E=
github.com/zsefvlol/timezonemapper v1.0.0/go.mod h1:cVUCOLEmc/VvOMusEhpd2G/UBtadL26ZVz2syODXDoQ=
golang.org/x/sync v0.8.0 h1:3NFvSEYkUoMifnESzZl15y791HH1qU2xm6eCJU5ZPXQ=
golang.org/x/sync v0.8.0/go.mod h1:Czt+wKu1gCyEFDUtn0jG5QVvpJ6rzVqr5aXyt9drQfk=
golang.org/x/sync v0.19.0 h1:vV+1eWNmZ5geRlYjzm2adRgW2/mcpevXNg50YZtPCE4=
golang.org/x/sync v0.19.0/go.mod h1:9KTHXmSnoGruLpwFjVSX0lNNA75CykiMECbovNTZqGI=
